agent = []

[metadata]
lock_version = 1
declaration_hash_version = 1
declaration_hash = "sha256:2f1653d23865b4a41f30818d827124983fa6b14d8423647503ad063ee86793ef"
generated_by = "grim 0.14.0"
generated_at = "2026-10-04T15:55:57Z"

[[skill]]
name = "code-docs-cleanup"
pinned = "ghcr.io/ocx-sh/lore/code-docs-cleanup@sha256:4b312606567dab8769e98fcf9770072bc425e6f2e9d1b71a3638e9c60bcaed18"
bundle = "ghcr.io/ocx-sh/lore/typescript-essentials"
bundle_tag = "latest"

[[skill]]
name = "docs-instrument"
pinned = "ghcr.io/ocx-sh/lore/docs-instrument@sha256:e6a5459c18f7d8192ec81efc70bc674809edfbdc305d96bc60bf3cb14b3b790d"
bundle = "ghcr.io/ocx-sh/lore/docs-essentials"
bundle_tag = "latest"

[[skill]]
name = "docs-plan"
pinned = "ghcr.io/ocx-sh/lore/docs-plan@sha256:cbff12650842b27b1af5513caf447c516bb33b72735121902b48576fa0840778"
bundle = "ghcr.io/ocx-sh/lore/docs-essentials"
bundle_tag = "latest"

[[skill]]
name = "docs-review"
pinned = "ghcr.io/ocx-sh/lore/docs-review@sha256:6008173170905e2f0e0562a10d840b5120496a7fb99564d985fce6bbeb05ac5f"
bundle = "ghcr.io/ocx-sh/lore/docs-essentials"
bundle_tag = "latest"

[[rule]]
name = "code-docs"
pinned = "ghcr.io/ocx-sh/lore/code-docs@sha256:9ee9c2e3c6198cfd5926ab48b793bcbc874ecfe751b434d65c0c5bd22d576141"
bundle = "ghcr.io/ocx-sh/lore/typescript-essentials"
bundle_tag = "latest"

[[rule]]
name = "css-theming"
pinned = "ghcr.io/ocx-sh/lore/css-theming@sha256:b744c16f3c39111e0ea75c2d7609e00b02a745b79fe4bde1d1272ac5a99f64b4"

[[rule]]
name = "docs-quality"
pinned = "ghcr.io/ocx-sh/lore/docs-quality@sha256:d9ab2df9ccff688f98f539ab1f1c3c9cf56fdfefa91b7d190dfca70d0afed09e"
bundle = "ghcr.io/ocx-sh/lore/docs-essentials"
bundle_tag = "latest"

[[rule]]
name = "typescript-packaging"
pinned = "ghcr.io/ocx-sh/lore/typescript-packaging@sha256:07292079463d943fd5be01d40c3c9f7b3fd88c3a3eb308c0fe119e1a354820f2"
bundle = "ghcr.io/ocx-sh/lore/typescript-essentials"
bundle_tag = "latest"

[[rule]]
name = "typescript-quality"
pinned = "ghcr.io/ocx-sh/lore/typescript-quality@sha256:0531d9e5197a2634a3be9c287eadabb17ddb81e06cb049adbb28b970d85c951d"
bundle = "ghcr.io/ocx-sh/lore/typescript-essentials"
bundle_tag = "latest"

[[bundle]]
name = "docs-essentials"
repo = "ghcr.io/ocx-sh/lore/docs-essentials"
tag = "latest"
pinned = "ghcr.io/ocx-sh/lore/docs-essentials@sha256:d8b090ccb9c7871b4fb03b7f1671a9464bf8d0a07e6d1ee8733a25ac79ae9c38"

[[bundle.member]]
kind = "skill"
name = "docs-instrument"
id = "ghcr.io/ocx-sh/lore/docs-instrument:latest"

[[bundle.member]]
kind = "skill"
name = "docs-plan"
id = "ghcr.io/ocx-sh/lore/docs-plan:latest"

[[bundle.member]]
kind = "skill"
name = "docs-review"
id = "ghcr.io/ocx-sh/lore/docs-review:latest"

[[bundle.member]]
kind = "rule"
name = "docs-quality"
id = "ghcr.io/ocx-sh/lore/docs-quality:latest"

[[bundle]]
name = "typescript-essentials"
repo = "ghcr.io/ocx-sh/lore/typescript-essentials"
tag = "latest"
pinned = "ghcr.io/ocx-sh/lore/typescript-essentials@sha256:af27f2ad8b40ca2fa3276e143b1866fd899b719487484a7c2a857f48475ad7b7"

[[bundle.member]]
kind = "skill"
name = "code-docs-cleanup"
id = "ghcr.io/ocx-sh/lore/code-docs-cleanup:latest"

[[bundle.member]]
kind = "rule"
name = "code-docs"
id = "ghcr.io/ocx-sh/lore/code-docs:latest"

[[bundle.member]]
kind = "rule"
name = "typescript-packaging"
id = "ghcr.io/ocx-sh/lore/typescript-packaging:latest"

[[bundle.member]]
kind = "rule"
name = "typescript-quality"
id = "ghcr.io/ocx-sh/lore/typescript-quality:latest"
