[metadata]
lock_version = 3
declaration_hash_version = 1
declaration_hash = "sha256:7fde421b4ba542609d34cbfc4fa1a88d1be67e0790250d74040339e54de2234c"
generated_by = "ocx 0.6.5"
generated_at = "2026-10-07T17:33:43Z"

[[tool]]
name = "actionlint"
group = "default"
repository = "ocx.sh/actionlint/actionlint"

[tool.platforms]
"darwin/amd64" = "sha256:6f439b6d7556a3824840608eaed7416177ade18d9cfa12eb7c3831caf2f44e3f"
"darwin/arm64" = "sha256:7482930b8b28c119877a5e11a343995feadd805b6e320f78d8914e54a250d9ad"
"linux/amd64" = "sha256:f5467fd4be6eebddb0e5eaf18a498f4e44bf3632cdc086c73acfbc271d7d2c64"
"linux/arm64" = "sha256:85d7cd645e003fbf9b7484bafc9432558e584631006b6e5965fc170c8e6e032a"
"windows/amd64" = "sha256:20fa0ea63ad2bdffd179c21371b6e9e47a9ec36a80064e88a6bfbe6a272297d0"
"windows/arm64" = "sha256:686bd57c0af310a195b97b34e1821465a7c45c0c5ad8f47260993a104e07b45c"

[[tool]]
name = "gitleaks"
group = "default"
repository = "ocx.sh/gitleaks/gitleaks"

[tool.platforms]
"darwin/amd64" = "sha256:34091f2a708065187d4ecd5173cc0e66aea3c1481df0e5f91e3b32fab9c4adcc"
"darwin/arm64" = "sha256:52c0c23b047cefca86046e9f45dc8ae4163357bf0a4a17b223f9842b4b4bff74"
"linux/amd64" = "sha256:6ac92f2da2ba0d678aed69d192c86f9db474f05034696f49bdbae41874a95d28"
"linux/arm64" = "sha256:138185660364f678d35416d95c345e830a0d43a96c1fac1272ed3962260c25ed"
"windows/amd64" = "sha256:8dc609427abed8a8688374c59ec93c93fc7bef8c73120d8e3ac946cd323ddc32"

[[tool]]
name = "grim"
group = "default"
repository = "ocx.sh/grimoire/cli"

[tool.platforms]
"darwin/amd64" = "sha256:4500862653390bbebd11ed5f6f70ec6d60b8a14a82b8a144156f36ca6f20f55f"
"darwin/arm64" = "sha256:f19647fabf9bdf82e4151669b6c2b8fbc1f0904c93d20e3f4f6fca968c6adcae"
"linux/amd64" = "sha256:2ef5983e907167704b14505fc9a4d0bfdc41ad0413d52cbf0621721616111cf7"
"linux/arm64" = "sha256:1831d9efc4af07333783556f6aa2b246149e0d1bc685fcd929137264103f3814"
"windows/amd64" = "sha256:ec6f779fd9b9a4c429feb1a841d410b210934a2c013cf7eb3732302ef2a9eb4a"
"windows/arm64" = "sha256:bcfb88fc6063a6b0808b78a1a943a6c2de633f896747e81e1029651d75c70044"

[[tool]]
name = "lychee"
group = "default"
repository = "ocx.sh/lychee/lychee"

[tool.platforms]
"darwin/amd64" = "sha256:69d2e005250872a67fc687cb88423baf25a496d5f2017aaacce7337d8dd4ef41"
"darwin/arm64" = "sha256:5fc7b3640f5e5e5404b81baac2aa91acb87e5490a63c2ad79ce94906d4467a6e"
"linux/amd64" = "sha256:fb090cfaa91ba0fcfbe963185add1c72a1a18a4cfcbe560d84bd003ab9ddbb81"
"linux/arm64" = "sha256:9e78ff5b9e52cc69e8b8245e655663a462abc05c47d98c691e71d8ba1caa87fa"
"windows/amd64" = "sha256:b0d8f87626a38fa2c58ff6f69671aa6090f7da791e4c3ae59158960eb809fc65"

[[tool]]
name = "node"
group = "default"
repository = "ocx.sh/nodejs/node"

[tool.platforms]
"darwin/amd64" = "sha256:6eeb00b315b7b6a08327d036d816fd2f7ad753851fae7c796f5b5e2de047c862"
"darwin/arm64" = "sha256:c25372df1ee5d2764f027193d70cd46fdf01f5506d98b0aeb52c07792d0849c9"
"linux/amd64+libc.glibc" = "sha256:21f942839c3f9367c5ce0f5dda804621b945f48777d6e35598004ad0c9727dc7"
"linux/arm64+libc.glibc" = "sha256:76aaeb829ea9d40c4092d1c176da35edd1260b75d1bf911f48829da392347a69"
"windows/amd64" = "sha256:737687a6e9eb4fa7d168529eae2eb291d5c0dee76e02e5758b2d27f6f1b48aa6"
"windows/arm64" = "sha256:af5f53029aa40b512e7e795adfbdeada4a7d1db362b312982cea58348ad901c2"

[[tool]]
name = "oxfmt"
group = "default"
repository = "ocx.sh/oxc-project/oxfmt"

[tool.platforms]
"darwin/amd64" = "sha256:f1a4cfce25fbb4f0bc3e8fba4989b98caa075c036040bcc8e77b2c3ccc03f895"
"darwin/arm64" = "sha256:c2da8829e49afecc4e013d5665cfa91c63bbb7190a03217b884af8695e1a964c"
"linux/amd64" = "sha256:aba9da5665fdc6895270fe622ee9c6f98b5bd6149440ab10db08a992ba307e04"
"linux/arm64" = "sha256:0a461999973d6483261613e0017f3674642051d827f2fd28b2196294446afecb"
"windows/amd64" = "sha256:2860f827585c446b16c1ddaf14c98a3e10ddd8ee703be612c28691055f61cb0c"
"windows/arm64" = "sha256:dd1c73233d47df1121e3b709e5dad132bc24af7bfb139fae27ec96396a98ca1d"

[[tool]]
name = "oxlint"
group = "default"
repository = "ocx.sh/oxc-project/oxlint"

[tool.platforms]
"darwin/amd64" = "sha256:f504a3891df787c4eec26aacfde1c121b70e9959e0f0174eac3d313c4b918d06"
"darwin/arm64" = "sha256:0629e92bfe94382305861ef4784748465b63249719da114baf5c7e75ab9b6665"
"linux/amd64" = "sha256:6807bdd6cd4f2edc9ca23504c7d9b0c9930a38d044f5a3b1402408dd23925bb7"
"linux/arm64" = "sha256:eb1278d70700d50ef126e2bea4dccf18c4ca8c3e77334b703fb7dd309b9e86a9"
"windows/amd64" = "sha256:b878820555f3fccce365619024d1a26ec5d2262876c828191e3baeb4a3235bf2"
"windows/arm64" = "sha256:21f59e76d1c9905d0a279f96a67c01d97fd0764202e46974aedead4a7ba0def0"

[[tool]]
name = "pnpm"
group = "default"
repository = "ocx.sh/pnpm/pnpm"

[tool.platforms]
"darwin/arm64" = "sha256:77b1355459aff0a6c31dd866015c6cbe4fd9cf8471ae46655bf5eadee64dccc3"
"linux/amd64+libc.glibc" = "sha256:47dd9425bacc4b838b5c4c0ee673f95a62d31fea93e52d9014a49b5563d34149"
"linux/amd64+libc.musl" = "sha256:bff82fa2650f09b5fbac9c68c28e3bccc5aa688c3657ec42341c9b210a5a97a1"
"linux/arm64+libc.glibc" = "sha256:6702686cde55aae6b81ea24d919c70aa3350c91cc8e40af98909563001fd8b8b"
"windows/amd64" = "sha256:ef654d773f790814afd2dd4397c2c0c651f344187dca09baae0cfc4ebb009337"
"windows/arm64" = "sha256:2a5dea6234b76f15bb7ded38f2f4e53bdfbc7479ff28522b25c17bb948d79038"

[[tool]]
name = "task"
group = "default"
repository = "ocx.sh/go-task/task"

[tool.platforms]
"darwin/amd64" = "sha256:7e841de3b6787ba13e3265984782ae695031f3821fe328d21df7c979fbe061ca"
"darwin/arm64" = "sha256:b12612c4c31f122bcb671f010c5213978ca9c50509d8989139238808ca0838a8"
"linux/amd64" = "sha256:4a7497c53a1457df838b5b00708e6c60c5bdfb27f406e2d7f8a15e12f13a3031"
"linux/arm64" = "sha256:6608d11c80aff37c102be66cb3f5e0dcefa2a457faca0f78b316634063f02a0b"
"windows/amd64" = "sha256:627ff007505718bf09a78cc70f66f9bc9e6efc798e17fdde660899801c4899c2"
"windows/arm64" = "sha256:3146e36c163498c561ef78f637899282a8884896dc25861fc0797a1bfed882f9"

[[tool]]
name = "uv"
group = "default"
repository = "ocx.sh/astral-sh/uv"

[tool.platforms]
"darwin/amd64" = "sha256:b9b70e42d5efc9574e7688d9b41f31decb44eb25a2fa1369189b3f2397d987a6"
"darwin/arm64" = "sha256:718eb8ab49a1771a2a79723ade7aa2509a112c8a7883dce6d92400fdb8717a7c"
"linux/amd64" = "sha256:3ea81ae2b846adf1a9f3e76c3166ccb60e5bc997957e25fd865f33607dbc532b"
"linux/amd64+libc.glibc" = "sha256:42b435e5aa31e37043f975224138a5c0b277c40f9f75eb70032bdc841114ab32"
"linux/arm64" = "sha256:c74ad075e542aed0cedfebc9ee60d23277a5360d2fda4d49f6c2f8acc99e8608"
"linux/arm64+libc.glibc" = "sha256:2f308f9ff7a6517167561e00228e972bb23db4b32b35b5392ad1ed6d2f0f37c1"
"windows/amd64" = "sha256:ac127db1b8f53b4eda56c13f3823440b3ead630ebeaa29ba397caa1b24b5b6cd"
"windows/arm64" = "sha256:80b3da2582a03a1fae1c420c19a42c097fe9bb224d7e1cbcc3fd6fec25d35852"
